
Microsoft Visual Studio Solution File, Format Version 12.00
# Visual Studio Version 17
VisualStudioVersion = 17.0.32014.148
MinimumVisualStudioVersion = 10.0.40219.1
Project("{FAE04EC0-301F-11D3-BF4B-00C04F79EFBC}") = "IPGeo", "IPGeo.csproj", "{178866A4-D497-4E95-A338-8C3560B68CED}"
EndProject
Global
	GlobalSection(SolutionConfigurationPlatforms) = preSolution
		Debug|Any CPU = Debug|Any CPU
		Release|Any CPU = Release|Any CPU
	EndGlobalSection
	GlobalSection(ProjectConfigurationPlatforms) = postSolution
		{178866A4-D497-4E95-A338-8C3560B68CED}.Debug|Any CPU.ActiveCfg = Debug|Any CPU
		{178866A4-D497-4E95-A338-8C3560B68CED}.Debug|Any CPU.Build.0 = Debug|Any CPU
		{178866A4-D497-4E95-A338-8C3560B68CED}.Release|Any CPU.ActiveCfg = Release|Any CPU
		{178866A4-D497-4E95-A338-8C3560B68CED}.Release|Any CPU.Build.0 = Release|Any CPU
	EndGlobalSection
	GlobalSection(SolutionProperties) = preSolution
		HideSolutionNode = FALSE
	EndGlobalSection
	GlobalSection(ExtensibilityGlobals) = postSolution
		SolutionGuid = {91CFDB75-6C86-4B1B-A9E2-A26EC7C4A03E}
	EndGlobalSection
EndGlobal
